<?xml version="1.0" encoding="UTF-8" standalone="yes" ?>
<CodeBlocks_project_file>
	<FileVersion major="1" minor="6" />
	<Project>
		<Option title="derogue" />
		<Option pch_mode="2" />
		<Option compiler="gcc" />
		<Build>
			<Target title="Debug">
				<Option output="..\bin\derogue" prefix_auto="1" extension_auto="1" />
				<Option working_dir="..\bin\" />
				<Option object_output="..\obj\" />
				<Option type="1" />
				<Option compiler="gcc" />
				<Option use_console_runner="0" />
				<Compiler>
					<Add option="-g" />
				</Compiler>
				<Linker>
					<Add library="..\lib\libtcod-mingw-debug.a" />
					<Add library="..\lib\libtcod-gui-mingw-debug.a" />
				</Linker>
			</Target>
			<Target title="Release">
				<Option output="..\bin\derogue" prefix_auto="1" extension_auto="1" />
				<Option working_dir="..\bin\" />
				<Option object_output="..\obj\" />
				<Option type="0" />
				<Option compiler="gcc" />
				<Compiler>
					<Add option="-fexpensive-optimizations" />
					<Add option="-O3" />
				</Compiler>
				<Linker>
					<Add option="-s" />
					<Add library="..\lib\libtcod-gui-mingw.a" />
					<Add library="..\lib\libtcod-mingw.a" />
				</Linker>
			</Target>
		</Build>
		<Compiler>
			<Add option="-std=c++0x" />
			<Add option="-Wall" />
			<Add directory="..\include" />
			<Add directory="..\include\libtcod" />
		</Compiler>
		<Unit filename="..\include\Components\DungeonComponent.hpp" />
		<Unit filename="..\include\Components\IEngineComponent.hpp" />
		<Unit filename="..\include\Components\LightingComponent.hpp" />
		<Unit filename="..\include\Components\PathfindingComponent.hpp" />
		<Unit filename="..\include\Components\PlayerComponent.hpp" />
		<Unit filename="..\include\Components\WorldComponent.hpp" />
		<Unit filename="..\include\DungeonGenerators\BasicRoomGenerator.hpp" />
		<Unit filename="..\include\DungeonGenerators\HallGenerator.hpp" />
		<Unit filename="..\include\Entities\IGameEntity.hpp" />
		<Unit filename="..\include\defines.hpp" />
		<Unit filename="..\include\engine.hpp" />
		<Unit filename="..\include\libtcod\bresenham.h" />
		<Unit filename="..\include\libtcod\bresenham.hpp" />
		<Unit filename="..\include\libtcod\bsp.h" />
		<Unit filename="..\include\libtcod\bsp.hpp" />
		<Unit filename="..\include\libtcod\color.h" />
		<Unit filename="..\include\libtcod\color.hpp" />
		<Unit filename="..\include\libtcod\console.h" />
		<Unit filename="..\include\libtcod\console.hpp" />
		<Unit filename="..\include\libtcod\console_types.h" />
		<Unit filename="..\include\libtcod\fov.h" />
		<Unit filename="..\include\libtcod\fov.hpp" />
		<Unit filename="..\include\libtcod\fov_types.h" />
		<Unit filename="..\include\libtcod\gui\button.hpp" />
		<Unit filename="..\include\libtcod\gui\container.hpp" />
		<Unit filename="..\include\libtcod\gui\flatlist.hpp" />
		<Unit filename="..\include\libtcod\gui\gui.hpp" />
		<Unit filename="..\include\libtcod\gui\hbox.hpp" />
		<Unit filename="..\include\libtcod\gui\image.hpp" />
		<Unit filename="..\include\libtcod\gui\label.hpp" />
		<Unit filename="..\include\libtcod\gui\radiobutton.hpp" />
		<Unit filename="..\include\libtcod\gui\slider.hpp" />
		<Unit filename="..\include\libtcod\gui\statusbar.hpp" />
		<Unit filename="..\include\libtcod\gui\textbox.hpp" />
		<Unit filename="..\include\libtcod\gui\togglebutton.hpp" />
		<Unit filename="..\include\libtcod\gui\toolbar.hpp" />
		<Unit filename="..\include\libtcod\gui\vbox.hpp" />
		<Unit filename="..\include\libtcod\gui\widget.hpp" />
		<Unit filename="..\include\libtcod\heightmap.h" />
		<Unit filename="..\include\libtcod\heightmap.hpp" />
		<Unit filename="..\include\libtcod\image.h" />
		<Unit filename="..\include\libtcod\image.hpp" />
		<Unit filename="..\include\libtcod\lex.h" />
		<Unit filename="..\include\libtcod\lex.hpp" />
		<Unit filename="..\include\libtcod\libtcod.h" />
		<Unit filename="..\include\libtcod\libtcod.hpp" />
		<Unit filename="..\include\libtcod\libtcod_int.h" />
		<Unit filename="..\include\libtcod\list.h" />
		<Unit filename="..\include\libtcod\list.hpp" />
		<Unit filename="..\include\libtcod\mersenne.h" />
		<Unit filename="..\include\libtcod\mersenne.hpp" />
		<Unit filename="..\include\libtcod\mersenne_types.h" />
		<Unit filename="..\include\libtcod\mouse.h" />
		<Unit filename="..\include\libtcod\mouse.hpp" />
		<Unit filename="..\include\libtcod\mouse_types.h" />
		<Unit filename="..\include\libtcod\namegen.h" />
		<Unit filename="..\include\libtcod\namegen.hpp" />
		<Unit filename="..\include\libtcod\noise.h" />
		<Unit filename="..\include\libtcod\noise.hpp" />
		<Unit filename="..\include\libtcod\noise_defaults.h" />
		<Unit filename="..\include\libtcod\parser.h" />
		<Unit filename="..\include\libtcod\parser.hpp" />
		<Unit filename="..\include\libtcod\path.h" />
		<Unit filename="..\include\libtcod\path.hpp" />
		<Unit filename="..\include\libtcod\sys.h" />
		<Unit filename="..\include\libtcod\sys.hpp" />
		<Unit filename="..\include\libtcod\tree.h" />
		<Unit filename="..\include\libtcod\tree.hpp" />
		<Unit filename="..\include\libtcod\txtfield.h" />
		<Unit filename="..\include\libtcod\txtfield.hpp" />
		<Unit filename="..\include\libtcod\wrappers.h" />
		<Unit filename="..\include\libtcod\zip.h" />
		<Unit filename="..\include\libtcod\zip.hpp" />
		<Unit filename="..\include\stlextensions.hpp" />
		<Unit filename="..\src\DungeonGenerator.cpp" />
		<Unit filename="..\src\engine.cpp" />
		<Unit filename="..\src\main.cpp" />
		<Extensions>
			<code_completion />
			<debugger />
		</Extensions>
	</Project>
</CodeBlocks_project_file>
